// !$*UTF8*$!
{
	archiveVersion = 1;
	classes = {
	};
	objectVersion = 56;
	objects = {

/* Begin PBXBuildFile section */
		F1111BB02A95333700C7D26C /* FeelsWhy.swift in Sources */ = {isa = PBXBuildFile; fileRef = F1111BAF2A95333700C7D26C /* FeelsWhy.swift */; };
		F17D6D122A923822002AFD85 /* FSCalendar in Frameworks */ = {isa = PBXBuildFile; productRef = F17D6D112A923822002AFD85 /* FSCalendar */; };
		F17D6D162A926132002AFD85 /* AddDiaryView.swift in Sources */ = {isa = PBXBuildFile; fileRef = F17D6D152A926132002AFD85 /* AddDiaryView.swift */; };
		F17D6D182A92ED0E002AFD85 /* EmojiPopUpView.swift in Sources */ = {isa = PBXBuildFile; fileRef = F17D6D172A92ED0E002AFD85 /* EmojiPopUpView.swift */; };
		F1A0095B2A90AC8A003E80C1 /* FeelsWhyApp.swift in Sources */ = {isa = PBXBuildFile; fileRef = F1A0095A2A90AC8A003E80C1 /* FeelsWhyApp.swift */; };
		F1A0095D2A90AC8A003E80C1 /* CalendarView.swift in Sources */ = {isa = PBXBuildFile; fileRef = F1A0095C2A90AC8A003E80C1 /* CalendarView.swift */; };
		F1A0095F2A90AC8B003E80C1 /* Assets.xcassets in Resources */ = {isa = PBXBuildFile; fileRef = F1A0095E2A90AC8B003E80C1 /* Assets.xcassets */; };
		F1A009622A90AC8B003E80C1 /* Preview Assets.xcassets in Resources */ = {isa = PBXBuildFile; fileRef = F1A009612A90AC8B003E80C1 /* Preview Assets.xcassets */; };
		F1A009642A90AC8B003E80C1 /* Persistence.swift in Sources */ = {isa = PBXBuildFile; fileRef = F1A009632A90AC8B003E80C1 /* Persistence.swift */; };
		F1A009672A90AC8B003E80C1 /* FeelsWhy.xcdatamodeld in Sources */ = {isa = PBXBuildFile; fileRef = F1A009652A90AC8B003E80C1 /* FeelsWhy.xcdatamodeld */; };
		F1E960002A9B388E00ADD9A8 /* InterfaceBuilderViewController.swift in Sources */ = {isa = PBXBuildFile; fileRef = F1E95FFF2A9B388E00ADD9A8 /* InterfaceBuilderViewController.swift */; };
		F1EC009A2A9799AA0078619D /* SelectEmojiView.swift in Sources */ = {isa = PBXBuildFile; fileRef = F1EC00992A9799AA0078619D /* SelectEmojiView.swift */; };
		F1EC009C2A979A440078619D /* QuestionView.swift in Sources */ = {isa = PBXBuildFile; fileRef = F1EC009B2A979A440078619D /* QuestionView.swift */; };
/* End PBXBuildFile section */

/* Begin PBXFileReference section */
		F1111BAF2A95333700C7D26C /* FeelsWhy.swift */ = {isa = PBXFileReference; lastKnownFileType = sourcecode.swift; path = FeelsWhy.swift; sourceTree = "<group>"; };
		F17D6D152A926132002AFD85 /* AddDiaryView.swift */ = {isa = PBXFileReference; lastKnownFileType = sourcecode.swift; path = AddDiaryView.swift; sourceTree = "<group>"; };
		F17D6D172A92ED0E002AFD85 /* EmojiPopUpView.swift */ = {isa = PBXFileReference; lastKnownFileType = sourcecode.swift; path = EmojiPopUpView.swift; sourceTree = "<group>"; };
		F1A009572A90AC8A003E80C1 /* FeelsWhy.app */ = {isa = PBXFileReference; explicitFileType = wrapper.application; includeInIndex = 0; path = FeelsWhy.app; sourceTree = BUILT_PRODUCTS_DIR; };
		F1A0095A2A90AC8A003E80C1 /* FeelsWhyApp.swift */ = {isa = PBXFileReference; lastKnownFileType = sourcecode.swift; path = FeelsWhyApp.swift; sourceTree = "<group>"; };
		F1A0095C2A90AC8A003E80C1 /* CalendarView.swift */ = {isa = PBXFileReference; lastKnownFileType = sourcecode.swift; path = CalendarView.swift; sourceTree = "<group>"; };
		F1A0095E2A90AC8B003E80C1 /* Assets.xcassets */ = {isa = PBXFileReference; lastKnownFileType = folder.assetcatalog; path = Assets.xcassets; sourceTree = "<group>"; };
		F1A009612A90AC8B003E80C1 /* Preview Assets.xcassets */ = {isa = PBXFileReference; lastKnownFileType = folder.assetcatalog; path = "Preview Assets.xcassets"; sourceTree = "<group>"; };
		F1A009632A90AC8B003E80C1 /* Persistence.swift */ = {isa = PBXFileReference; lastKnownFileType = sourcecode.swift; path = Persistence.swift; sourceTree = "<group>"; };
		F1A009662A90AC8B003E80C1 /* FeelsWhy.xcdatamodel */ = {isa = PBXFileReference; lastKnownFileType = wrapper.xcdatamodel; path = FeelsWhy.xcdatamodel; sourceTree = "<group>"; };
		F1E95FFF2A9B388E00ADD9A8 /* InterfaceBuilderViewController.swift */ = {isa = PBXFileReference; lastKnownFileType = sourcecode.swift; path = InterfaceBuilderViewController.swift; sourceTree = "<group>"; };
		F1EC00992A9799AA0078619D /* SelectEmojiView.swift */ = {isa = PBXFileReference; lastKnownFileType = sourcecode.swift; path = SelectEmojiView.swift; sourceTree = "<group>"; };
		F1EC009B2A979A440078619D /* QuestionView.swift */ = {isa = PBXFileReference; lastKnownFileType = sourcecode.swift; path = QuestionView.swift; sourceTree = "<group>"; };
/* End PBXFileReference section */

/* Begin PBXFrameworksBuildPhase section */
		F1A009542A90AC8A003E80C1 /* Frameworks */ = {
			isa = PBXFrameworksBuildPhase;
			buildActionMask = 2147483647;
			files = (
				F17D6D122A923822002AFD85 /* FSCalendar in Frameworks */,
			);
			runOnlyForDeploymentPostprocessing = 0;
		};
/* End PBXFrameworksBuildPhase section */

/* Begin PBXGroup section */
		F1A0094E2A90AC8A003E80C1 = {
			isa = PBXGroup;
			children = (
				F1A009592A90AC8A003E80C1 /* FeelsWhy */,
				F1A009582A90AC8A003E80C1 /* Products */,
			);
			sourceTree = "<group>";
		};
		F1A009582A90AC8A003E80C1 /* Products */ = {
			isa = PBXGroup;
			children = (
				F1A009572A90AC8A003E80C1 /* FeelsWhy.app */,
			);
			name = Products;
			sourceTree = "<group>";
		};
		F1A009592A90AC8A003E80C1 /* FeelsWhy */ = {
			isa = PBXGroup;
			children = (
				F1A0095A2A90AC8A003E80C1 /* FeelsWhyApp.swift */,
				F1EC009D2A979A730078619D /* Views */,
				F1A0095E2A90AC8B003E80C1 /* Assets.xcassets */,
				F1A009632A90AC8B003E80C1 /* Persistence.swift */,
				F1111BAF2A95333700C7D26C /* FeelsWhy.swift */,
				F1A009652A90AC8B003E80C1 /* FeelsWhy.xcdatamodeld */,
				F1A009602A90AC8B003E80C1 /* Preview Content */,
				F1E95FFF2A9B388E00ADD9A8 /* InterfaceBuilderViewController.swift */,
			);
			path = FeelsWhy;
			sourceTree = "<group>";
		};
		F1A009602A90AC8B003E80C1 /* Preview Content */ = {
			isa = PBXGroup;
			children = (
				F1A009612A90AC8B003E80C1 /* Preview Assets.xcassets */,
			);
			path = "Preview Content";
			sourceTree = "<group>";
		};
		F1EC009D2A979A730078619D /* Views */ = {
			isa = PBXGroup;
			children = (
				F1A0095C2A90AC8A003E80C1 /* CalendarView.swift */,
				F17D6D152A926132002AFD85 /* AddDiaryView.swift */,
				F1EC00992A9799AA0078619D /* SelectEmojiView.swift */,
				F1EC009B2A979A440078619D /* QuestionView.swift */,
				F17D6D172A92ED0E002AFD85 /* EmojiPopUpView.swift */,
			);
			path = Views;
			sourceTree = "<group>";
		};
/* End PBXGroup section */

/* Begin PBXNativeTarget section */
		F1A009562A90AC8A003E80C1 /* FeelsWhy */ = {
			isa = PBXNativeTarget;
			buildConfigurationList = F1A0096A2A90AC8B003E80C1 /* Build configuration list for PBXNativeTarget "FeelsWhy" */;
			buildPhases = (
				F1A009532A90AC8A003E80C1 /* Sources */,
				F1A009542A90AC8A003E80C1 /* Frameworks */,
				F1A009552A90AC8A003E80C1 /* Resources */,
			);
			buildRules = (
			);
			dependencies = (
			);
			name = FeelsWhy;
			packageProductDependencies = (
				F17D6D112A923822002AFD85 /* FSCalendar */,
			);
			productName = FeelsWhy;
			productReference = F1A009572A90AC8A003E80C1 /* FeelsWhy.app */;
			productType = "com.apple.product-type.application";
		};
/* End PBXNativeTarget section */

/* Begin PBXProject section */
		F1A0094F2A90AC8A003E80C1 /* Project object */ = {
			isa = PBXProject;
			attributes = {
				BuildIndependentTargetsInParallel = 1;
				LastSwiftUpdateCheck = 1430;
				LastUpgradeCheck = 1430;
				TargetAttributes = {
					F1A009562A90AC8A003E80C1 = {
						CreatedOnToolsVersion = 14.3;
					};
				};
			};
			buildConfigurationList = F1A009522A90AC8A003E80C1 /* Build configuration list for PBXProject "FeelsWhy" */;
			compatibilityVersion = "Xcode 14.0";
			developmentRegion = en;
			hasScannedForEncodings = 0;
			knownRegions = (
				en,
				Base,
			);
			mainGroup = F1A0094E2A90AC8A003E80C1;
			packageReferences = (
				F17D6D102A923822002AFD85 /* XCRemoteSwiftPackageReference "FSCalendar" */,
			);
			productRefGroup = F1A009582A90AC8A003E80C1 /* Products */;
			projectDirPath = "";
			projectRoot = "";
			targets = (
				F1A009562A90AC8A003E80C1 /* FeelsWhy */,
			);
		};
/* End PBXProject section */

/* Begin PBXResourcesBuildPhase section */
		F1A009552A90AC8A003E80C1 /* Resources */ = {
			isa = PBXResourcesBuildPhase;
			buildActionMask = 2147483647;
			files = (
				F1A009622A90AC8B003E80C1 /* Preview Assets.xcassets in Resources */,
				F1A0095F2A90AC8B003E80C1 /* Assets.xcassets in Resources */,
			);
			runOnlyForDeploymentPostprocessing = 0;
		};
/* End PBXResourcesBuildPhase section */

/* Begin PBXSourcesBuildPhase section */
		F1A009532A90AC8A003E80C1 /* Sources */ = {
			isa = PBXSourcesBuildPhase;
			buildActionMask = 2147483647;
			files = (
				F1111BB02A95333700C7D26C /* FeelsWhy.swift in Sources */,
				F1A009672A90AC8B003E80C1 /* FeelsWhy.xcdatamodeld in Sources */,
				F1A009642A90AC8B003E80C1 /* Persistence.swift in Sources */,
				F17D6D162A926132002AFD85 /* AddDiaryView.swift in Sources */,
				F1E960002A9B388E00ADD9A8 /* InterfaceBuilderViewController.swift in Sources */,
				F1A0095D2A90AC8A003E80C1 /* CalendarView.swift in Sources */,
				F1A0095B2A90AC8A003E80C1 /* FeelsWhyApp.swift in Sources */,
				F17D6D182A92ED0E002AFD85 /* EmojiPopUpView.swift in Sources */,
				F1EC009C2A979A440078619D /* QuestionView.swift in Sources */,
				F1EC009A2A9799AA0078619D /* SelectEmojiView.swift in Sources */,
			);
			runOnlyForDeploymentPostprocessing = 0;
		};
/* End PBXSourcesBuildPhase section */

/* Begin XCBuildConfiguration section */
		F1A009682A90AC8B003E80C1 /* Debug */ = {
			isa = XCBuildConfiguration;
			buildSettings = {
				ALWAYS_SEARCH_USER_PATHS = NO;
				CLANG_ANALYZER_NONNULL = YES;
				CLANG_ANALYZER_NUMBER_OBJECT_CONVERSION = YES_AGGRESSIVE;
				CLANG_CXX_LANGUAGE_STANDARD = "gnu++20";
				CLANG_ENABLE_MODULES = YES;
				CLANG_ENABLE_OBJC_ARC = YES;
				CLANG_ENABLE_OBJC_WEAK = YES;
				CLANG_WARN_BLOCK_CAPTURE_AUTORELEASING = YES;
				CLANG_WARN_BOOL_CONVERSION = YES;
				CLANG_WARN_COMMA = YES;
				CLANG_WARN_CONSTANT_CONVERSION = YES;
				CLANG_WARN_DEPRECATED_OBJC_IMPLEMENTATIONS = YES;
				CLANG_WARN_DIRECT_OBJC_ISA_USAGE = YES_ERROR;
				CLANG_WARN_DOCUMENTATION_COMMENTS = YES;
				CLANG_WARN_EMPTY_BODY = YES;
				CLANG_WARN_ENUM_CONVERSION = YES;
				CLANG_WARN_INFINITE_RECURSION = YES;
				CLANG_WARN_INT_CONVERSION = YES;
				CLANG_WARN_NON_LITERAL_NULL_CONVERSION = YES;
				CLANG_WARN_OBJC_IMPLICIT_RETAIN_SELF = YES;
				CLANG_WARN_OBJC_LITERAL_CONVERSION = YES;
				CLANG_WARN_OBJC_ROOT_CLASS = YES_ERROR;
				CLANG_WARN_QUOTED_INCLUDE_IN_FRAMEWORK_HEADER = YES;
				CLANG_WARN_RANGE_LOOP_ANALYSIS = YES;
				CLANG_WARN_STRICT_PROTOTYPES = YES;
				CLANG_WARN_SUSPICIOUS_MOVE = YES;
				CLANG_WARN_UNGUARDED_AVAILABILITY = YES_AGGRESSIVE;
				CLANG_WARN_UNREACHABLE_CODE = YES;
				CLANG_WARN__DUPLICATE_METHOD_MATCH = YES;
				COPY_PHASE_STRIP = NO;
				DEBUG_INFORMATION_FORMAT = dwarf;
				ENABLE_STRICT_OBJC_MSGSEND = YES;
				ENABLE_TESTABILITY = YES;
				GCC_C_LANGUAGE_STANDARD = gnu11;
				GCC_DYNAMIC_NO_PIC = NO;
				GCC_NO_COMMON_BLOCKS = YES;
				GCC_OPTIMIZATION_LEVEL = 0;
				GCC_PREPROCESSOR_DEFINITIONS = (
					"DEBUG=1",
					"$(inherited)",
				);
				GCC_WARN_64_TO_32_BIT_CONVERSION = YES;
				GCC_WARN_ABOUT_RETURN_TYPE = YES_ERROR;
				GCC_WARN_UNDECLARED_SELECTOR = YES;
				GCC_WARN_UNINITIALIZED_AUTOS = YES_AGGRESSIVE;
				GCC_WARN_UNUSED_FUNCTION = YES;
				GCC_WARN_UNUSED_VARIABLE = YES;
				IPHONEOS_DEPLOYMENT_TARGET = 16.4;
				MTL_ENABLE_DEBUG_INFO = INCLUDE_SOURCE;
				MTL_FAST_MATH = YES;
				ONLY_ACTIVE_ARCH = YES;
				SDKROOT = iphoneos;
				SWIFT_ACTIVE_COMPILATION_CONDITIONS = DEBUG;
				SWIFT_OPTIMIZATION_LEVEL = "-Onone";
			};
			name = Debug;
		};
		F1A009692A90AC8B003E80C1 /* Release */ = {
			isa = XCBuildConfiguration;
			buildSettings = {
				ALWAYS_SEARCH_USER_PATHS = NO;
				CLANG_ANALYZER_NONNULL = YES;
				CLANG_ANALYZER_NUMBER_OBJECT_CONVERSION = YES_AGGRESSIVE;
				CLANG_CXX_LANGUAGE_STANDARD = "gnu++20";
				CLANG_ENABLE_MODULES = YES;
				CLANG_ENABLE_OBJC_ARC = YES;
				CLANG_ENABLE_OBJC_WEAK = YES;
				CLANG_WARN_BLOCK_CAPTURE_AUTORELEASING = YES;
				CLANG_WARN_BOOL_CONVERSION = YES;
				CLANG_WARN_COMMA = YES;
				CLANG_WARN_CONSTANT_CONVERSION = YES;
				CLANG_WARN_DEPRECATED_OBJC_IMPLEMENTATIONS = YES;
				CLANG_WARN_DIRECT_OBJC_ISA_USAGE = YES_ERROR;
				CLANG_WARN_DOCUMENTATION_COMMENTS = YES;
				CLANG_WARN_EMPTY_BODY = YES;
				CLANG_WARN_ENUM_CONVERSION = YES;
				CLANG_WARN_INFINITE_RECURSION = YES;
				CLANG_WARN_INT_CONVERSION = YES;
				CLANG_WARN_NON_LITERAL_NULL_CONVERSION = YES;
				CLANG_WARN_OBJC_IMPLICIT_RETAIN_SELF = YES;
				CLANG_WARN_OBJC_LITERAL_CONVERSION = YES;
				CLANG_WARN_OBJC_ROOT_CLASS = YES_ERROR;
				CLANG_WARN_QUOTED_INCLUDE_IN_FRAMEWORK_HEADER = YES;
				CLANG_WARN_RANGE_LOOP_ANALYSIS = YES;
				CLANG_WARN_STRICT_PROTOTYPES = YES;
				CLANG_WARN_SUSPICIOUS_MOVE = YES;
				CLANG_WARN_UNGUARDED_AVAILABILITY = YES_AGGRESSIVE;
				CLANG_WARN_UNREACHABLE_CODE = YES;
				CLANG_WARN__DUPLICATE_METHOD_MATCH = YES;
				COPY_PHASE_STRIP = NO;
				DEBUG_INFORMATION_FORMAT = "dwarf-with-dsym";
				ENABLE_NS_ASSERTIONS = NO;
				ENABLE_STRICT_OBJC_MSGSEND = YES;
				GCC_C_LANGUAGE_STANDARD = gnu11;
				GCC_NO_COMMON_BLOCKS = YES;
				GCC_WARN_64_TO_32_BIT_CONVERSION = YES;
				GCC_WARN_ABOUT_RETURN_TYPE = YES_ERROR;
				GCC_WARN_UNDECLARED_SELECTOR = YES;
				GCC_WARN_UNINITIALIZED_AUTOS = YES_AGGRESSIVE;
				GCC_WARN_UNUSED_FUNCTION = YES;
				GCC_WARN_UNUSED_VARIABLE = YES;
				IPHONEOS_DEPLOYMENT_TARGET = 16.4;
				MTL_ENABLE_DEBUG_INFO = NO;
				MTL_FAST_MATH = YES;
				SDKROOT = iphoneos;
				SWIFT_COMPILATION_MODE = wholemodule;
				SWIFT_OPTIMIZATION_LEVEL = "-O";
				VALIDATE_PRODUCT = YES;
			};
			name = Release;
		};
		F1A0096B2A90AC8B003E80C1 /* Debug */ = {
			isa = XCBuildConfiguration;
			buildSettings = {
				ASSETCATALOG_COMPILER_APPICON_NAME = AppIcon;
				ASSETCATALOG_COMPILER_GLOBAL_ACCENT_COLOR_NAME = AccentColor;
				CODE_SIGN_STYLE = Automatic;
				CURRENT_PROJECT_VERSION = 1;
				DEVELOPMENT_ASSET_PATHS = "\"FeelsWhy/Preview Content\"";
				DEVELOPMENT_TEAM = 69BY22GUTU;
				ENABLE_PREVIEWS = YES;
				GENERATE_INFOPLIST_FILE = YES;
				INFOPLIST_KEY_UIApplicationSceneManifest_Generation = YES;
				INFOPLIST_KEY_UIApplicationSupportsIndirectInputEvents = YES;
				INFOPLIST_KEY_UILaunchScreen_Generation = YES;
				INFOPLIST_KEY_UISupportedInterfaceOrientations_iPad = "UIInterfaceOrientationPortrait UIInterfaceOrientationPortraitUpsideDown UIInterfaceOrientationLandscapeLeft UIInterfaceOrientationLandscapeRight";
				INFOPLIST_KEY_UISupportedInterfaceOrientations_iPhone = "UIInterfaceOrientationPortrait UIInterfaceOrientationLandscapeLeft UIInterfaceOrientationLandscapeRight";
				LD_RUNPATH_SEARCH_PATHS = (
					"$(inherited)",
					"@executable_path/Frameworks",
				);
				MARKETING_VERSION = 1.0;
				PRODUCT_BUNDLE_IDENTIFIER = yisak.FeelsWhy;
				PRODUCT_NAME = "$(TARGET_NAME)";
				SWIFT_EMIT_LOC_STRINGS = YES;
				SWIFT_VERSION = 5.0;
				TARGETED_DEVICE_FAMILY = "1,2";
			};
			name = Debug;
		};
		F1A0096C2A90AC8B003E80C1 /* Release */ = {
			isa = XCBuildConfiguration;
			buildSettings = {
				ASSETCATALOG_COMPILER_APPICON_NAME = AppIcon;
				ASSETCATALOG_COMPILER_GLOBAL_ACCENT_COLOR_NAME = AccentColor;
				CODE_SIGN_STYLE = Automatic;
				CURRENT_PROJECT_VERSION = 1;
				DEVELOPMENT_ASSET_PATHS = "\"FeelsWhy/Preview Content\"";
				DEVELOPMENT_TEAM = 69BY22GUTU;
				ENABLE_PREVIEWS = YES;
				GENERATE_INFOPLIST_FILE = YES;
				INFOPLIST_KEY_UIApplicationSceneManifest_Generation = YES;
				INFOPLIST_KEY_UIApplicationSupportsIndirectInputEvents = YES;
				INFOPLIST_KEY_UILaunchScreen_Generation = YES;
				INFOPLIST_KEY_UISupportedInterfaceOrientations_iPad = "UIInterfaceOrientationPortrait UIInterfaceOrientationPortraitUpsideDown UIInterfaceOrientationLandscapeLeft UIInterfaceOrientationLandscapeRight";
				INFOPLIST_KEY_UISupportedInterfaceOrientations_iPhone = "UIInterfaceOrientationPortrait UIInterfaceOrientationLandscapeLeft UIInterfaceOrientationLandscapeRight";
				LD_RUNPATH_SEARCH_PATHS = (
					"$(inherited)",
					"@executable_path/Frameworks",
				);
				MARKETING_VERSION = 1.0;
				PRODUCT_BUNDLE_IDENTIFIER = yisak.FeelsWhy;
				PRODUCT_NAME = "$(TARGET_NAME)";
				SWIFT_EMIT_LOC_STRINGS = YES;
				SWIFT_VERSION = 5.0;
				TARGETED_DEVICE_FAMILY = "1,2";
			};
			name = Release;
		};
/* End XCBuildConfiguration section */

/* Begin XCConfigurationList section */
		F1A009522A90AC8A003E80C1 /* Build configuration list for PBXProject "FeelsWhy" */ = {
			isa = XCConfigurationList;
			buildConfigurations = (
				F1A009682A90AC8B003E80C1 /* Debug */,
				F1A009692A90AC8B003E80C1 /* Release */,
			);
			defaultConfigurationIsVisible = 0;
			defaultConfigurationName = Release;
		};
		F1A0096A2A90AC8B003E80C1 /* Build configuration list for PBXNativeTarget "FeelsWhy" */ = {
			isa = XCConfigurationList;
			buildConfigurations = (
				F1A0096B2A90AC8B003E80C1 /* Debug */,
				F1A0096C2A90AC8B003E80C1 /* Release */,
			);
			defaultConfigurationIsVisible = 0;
			defaultConfigurationName = Release;
		};
/* End XCConfigurationList section */

/* Begin XCRemoteSwiftPackageReference section */
		F17D6D102A923822002AFD85 /* XCRemoteSwiftPackageReference "FSCalendar" */ = {
			isa = XCRemoteSwiftPackageReference;
			repositoryURL = "https://github.com/WenchaoD/FSCalendar.git";
			requirement = {
				kind = upToNextMajorVersion;
				minimumVersion = 2.0.0;
			};
		};
/* End XCRemoteSwiftPackageReference section */

/* Begin XCSwiftPackageProductDependency section */
		F17D6D112A923822002AFD85 /* FSCalendar */ = {
			isa = XCSwiftPackageProductDependency;
			package = F17D6D102A923822002AFD85 /* XCRemoteSwiftPackageReference "FSCalendar" */;
			productName = FSCalendar;
		};
/* End XCSwiftPackageProductDependency section */

/* Begin XCVersionGroup section */
		F1A009652A90AC8B003E80C1 /* FeelsWhy.xcdatamodeld */ = {
			isa = XCVersionGroup;
			children = (
				F1A009662A90AC8B003E80C1 /* FeelsWhy.xcdatamodel */,
			);
			currentVersion = F1A009662A90AC8B003E80C1 /* FeelsWhy.xcdatamodel */;
			path = FeelsWhy.xcdatamodeld;
			sourceTree = "<group>";
			versionGroupType = wrapper.xcdatamodel;
		};
/* End XCVersionGroup section */
	};
	rootObject = F1A0094F2A90AC8A003E80C1 /* Project object */;
}
